
Microsoft Visual Studio Solution File, Format Version 12.00
# Visual Studio Version 16
VisualStudioVersion = 16.0.31624.102
MinimumVisualStudioVersion = 10.0.40219.1
Project("{FAE04EC0-301F-11D3-BF4B-00C04F79EFBC}") = "Project", "Project\Project.csproj", "{A6D86705-F3DC-4410-B802-B0E428D4C7E5}"
EndProject
Global
	GlobalSection(SolutionConfigurationPlatforms) = preSolution
		Debug|Any CPU = Debug|Any CPU
		Release|Any CPU = Release|Any CPU
	EndGlobalSection
	GlobalSection(ProjectConfigurationPlatforms) = postSolution
		{A6D86705-F3DC-4410-B802-B0E428D4C7E5}.Debug|Any CPU.ActiveCfg = Debug|Any CPU
		{A6D86705-F3DC-4410-B802-B0E428D4C7E5}.Debug|Any CPU.Build.0 = Debug|Any CPU
		{A6D86705-F3DC-4410-B802-B0E428D4C7E5}.Release|Any CPU.ActiveCfg = Release|Any CPU
		{A6D86705-F3DC-4410-B802-B0E428D4C7E5}.Release|Any CPU.Build.0 = Release|Any CPU
	EndGlobalSection
	GlobalSection(SolutionProperties) = preSolution
		HideSolutionNode = FALSE
	EndGlobalSection
	GlobalSection(ExtensibilityGlobals) = postSolution
		SolutionGuid = {A7BFF5A2-D772-4521-BB67-44CDDC442191}
	EndGlobalSection
EndGlobal
